github.com/alecthomas/assert/v2 v2.8.1 h1:YCxnYR6jjpfnEK5AK5SysALKdUEBPGH4Y7As6tBnDw0=
github.com/alecthomas/assert/v2 v2.8.1/go.mod h1:Bze95FyfUr7x34QZrjL+XP+0qgp/zg8yS+TtBj1WA3k=
github.com/alecthomas/repr v0.4.0 h1:GhI2A8MACjfegCPVq9f1FLvIBS+DrQ2KQBFZP1iFzXc=
github.com/alecthomas/repr v0.4.0/go.mod h1:Fr0507jx4eOXV7AlPV6AVZLYrLIuIeSOWtW57eE/O/4=
github.com/beorn7/perks v1.0.1 h1:VlbKKnNfV8bJzeqoa4cOKqO6bYr3WgKZxO8Z16+hsOM=
github.com/beorn7/perks v1.0.1/go.mod h1:G2ZrVWU2WbWT9wwq4/hrbKbnv/1ERSJQ0ibhJ6rlkpw=
github.com/cespare/xxhash/v2 v2.2.0 h1:DC2CZ1Ep5Y4k3ZQ899DldepgrayRUGE6BBZ/cd9Cj44=
github.com/cespare/xxhash/v2 v2.2.0/go.mod h1:VGX0DQ3Q6kWi7AoAeZDth3/j3BFtOZR5XLFGgcrjCOs=
github.com/davecgh/go-spew v1.1.1 h1:vj9j/u1bqnvCEfJOwUhtlOARqs3+rkHYY13jYWTU97c=
github.com/davecgh/go-spew v1.1.1/go.mod h1:J7Y8YcW2NihsgmVo/mv3lAwl/skON4iLHjSsI+c5H38=
github.com/go-chi/chi/v5 v5.0.8 h1:lD+NLqFcAi1ovnVZpsnObHGW4xb4J8lNmoYVfECH1Y0=
github.com/go-chi/chi/v5 v5.0.8/go.mod h1:DslCQbL2OYiznFReuXYUmQ2hGd1aDpCnlMNITLSKoi8=
github.com/go-chi/cors v1.2.1 h1:xEC8UT3Rlp2QuWNEr4Fs/c2EAGVKBwy/1vHx3bppil4=
github.com/go-chi/cors v1.2.1/go.mod h1:sSbTewc+6wYHBBCW7ytsFSn836hqM7JxpglAy2Vzc58=
github.com/google/go-cmp v0.6.0 h1:ofyhxvXcZhMsU5ulbFiLKl/XBFqE1GSq7atu8tAmTRI=
github.com/google/go-cmp v0.6.0/go.mod h1:17dUlkBOakJ0+DkrSSNjCkIjxS6bF9zb3elmeNGIjoY=
github.com/hexops/gotextdiff v1.0.3 h1:gitA9+qJrrTCsiCl7+kh75nPqQt1cx4ZkudSTLoUqJM=
github.com/hexops/gotextdiff v1.0.3/go.mod h1:pSWU5MAI3yDq+fZBTazCSJysOMbxWL1BSow5/V2vxeg=
github.com/pkg/errors v0.9.1 h1:FEBLx1zS214owpjy7qsBeixbURkuhQAwrK5UwLGTwt4=
github.com/pkg/errors v0.9.1/go.mod h1:bwawxfHBFNV+L2hUp1rHADufV3IMtnDRdf1r5NINEl0=
github.com/prometheus/client_golang v1.19.0 h1:ygXvpU1AoN1MhdzckN+PyD9QJOSD4x7kmXYlnfbA6JU=
github.com/prometheus/client_golang v1.19.0/go.mod h1:ZRM9uEAypZakd+q/x7+gmsvXdURP+DABIEIjnmDdp+k=
github.com/prometheus/client_model v0.5.0 h1:VQw1hfvPvk3Uv6Qf29VrPF32JB6rtbgI6cYPYQjL0Qw=
github.com/prometheus/client_model v0.5.0/go.mod h1:dTiFglRmd66nLR9Pv9f0mZi7B7fk5Pm3gvsjB5tr+kI=
github.com/prometheus/common v0.48.0 h1:QO8U2CdOzSn1BBsmXJXduaaW+dY/5QLjfB8svtSzKKE=
github.com/prometheus/common v0.48.0/go.mod h1:0/KsvlIEfPQCQ5I2iNSAWKPZziNCvRs5EC6ILDTlAPc=
github.com/prometheus/procfs v0.12.0 h1:jluTpSng7V9hY0O2R9DzzJHYb2xULk9VTR1V1R/k6Bo=
github.com/prometheus/procfs v0.12.0/go.mod h1:pcuDEFsWDnvcgNzo4EEweacyhjeA9Zk3cnaOZAZEfOo=
github.com/puzpuzpuz/xsync/v3 v3.1.0 h1:EewKT7/LNac5SLiEblJeUu8z5eERHrmRLnMQL2d7qX4=
github.com/puzpuzpuz/xsync/v3 v3.1.0/go.mod h1:VjzYrABPabuM4KyBh1Ftq6u8nhwY5tBPKP9jpmh0nnA=
github.com/spf13/pflag v1.0.5 h1:iy+VFUOCP1a+8yFto/drg2CJ5u0yRoB7fZw3DKv/JXA=
github.com/spf13/pflag v1.0.5/go.mod h1:McXfInJRrz4CZXVZOBLb0bTZqETkiAhM9Iw0y3An2Bg=
github.com/twipi/pubsub v0.0.0-20240419070506-7024f4e9981d h1:HaqshQiTTLvZMHhudCRa2Ii0AHV1iNrNt9THY1Kxd3A=
github.com/twipi/pubsub v0.0.0-20240419070506-7024f4e9981d/go.mod h1:4m2fBPP4FdMX4WVEAtf73w39hSWljGrcVbrVanHYzMQ=
github.com/twipi/twipi v0.0.0-20240507090021-c01fb8b75798 h1:IZteCCSNXXH0b4vLaZE9DtqmSHxAygsC2L86jMMWzZg=
github.com/twipi/twipi v0.0.0-20240507090021-c01fb8b75798/go.mod h1:lWa4efhQcKcFyMJmySw/ydLc3lpWJHJq+6N+OLVzeRc=
golang.org/x/sync v0.6.0 h1:5BMeUDZ7vkXGfEr1x9B4bRcTH4lpkTkpdh0T/J+qjbQ=
golang.org/x/sync v0.6.0/go.mod h1:Czt+wKu1gCyEFDUtn0jG5QVvpJ6rzVqr5aXyt9drQfk=
golang.org/x/sys v0.19.0 h1:q5f1RH2jigJ1MoAWp2KTp3gm5zAGFUTarQZ5U386+4o=
golang.org/x/sys v0.19.0/go.mod h1:/VUhepiaJMQUp4+oa/7Zr1D23ma6VTLIYjOOTFZPUcA=
google.golang.org/protobuf v1.33.0 h1:uNO2rsAINq/JlFpSdYEKIZ0uKD/R9cpdv0T+yoGwGmI=
google.golang.org/protobuf v1.33.0/go.mod h1:c6P6GXX6sHbq/GpV6MGZEdwhWPcYBgnhAHhKbcUYpos=
libdb.so/ctxt v0.0.0-20240229093153-2db38a5d3c12 h1:Yhdfv7kODmi9SqvX8dEoglc3Mr+RvfYQp5GFKc+i7vk=
libdb.so/ctxt v0.0.0-20240229093153-2db38a5d3c12/go.mod h1:t9e0qzm6W32lQDEmSND4oDsdtiJaerFvGA4g6L4e/aM=
libdb.so/hrt v0.0.0-20240421082846-86ff8f6e2d0e h1:1ynt4+D42fG32E0fQeWbCA7yjmsyVrseh8mOq8Hn4UI=
libdb.so/hrt v0.0.0-20240421082846-86ff8f6e2d0e/go.mod h1:bb65zhEyvKd/8UegarizeNQIXCLt+1TC7CYWIJWTfRQ=
libdb.so/hrtclient v0.0.0-20240421080023-4dbf5f693ee7 h1:RhO78YeTiIaUy/6N4aoM8LMMhkOTpgshn08BZD6EJJM=
libdb.so/hrtclient v0.0.0-20240421080023-4dbf5f693ee7/go.mod h1:GWN3MUQOhLfiJ7ALRqTpq8YabOyOfQ9CyaNUJHeQOVI=
libdb.so/hrtproto v0.0.0-20240420095506-31b8f7cf483c h1:SuPDsrYU4zp1cHmNoFiUxZqfO3Z+G55lCCzDZfCBjYk=
libdb.so/hrtproto v0.0.0-20240420095506-31b8f7cf483c/go.mod h1:X+i3ikM6ry7h/oQVuBCsDoG9lkeh6leuPUbe/dUq6Bs=
libdb.so/hserve v0.0.0-20230404043009-95e112a6e0a5 h1:EoO8WHF7uWQuvqBRgnt0wsvG9u7gOVllHBP7l2YOsAA=
libdb.so/hserve v0.0.0-20230404043009-95e112a6e0a5/go.mod h1:ZGoXSA4bL8Czb67YFYN3Uiy7Hvind5RhMSQgU6k4sq8=
